
Microsoft Visual Studio Solution File, Format Version 12.00
# Visual Studio Version 17
VisualStudioVersion = 17.7.34202.233
MinimumVisualStudioVersion = 10.0.40219.1
Project("{FAE04EC0-301F-11D3-BF4B-00C04F79EFBC}") = "gggg", "gggg\gggg.csproj", "{A6A258C6-D5EE-448E-A478-49CB22DD4260}"
EndProject
Global
	GlobalSection(SolutionConfigurationPlatforms) = preSolution
		Debug|Any CPU = Debug|Any CPU
		Release|Any CPU = Release|Any CPU
	EndGlobalSection
	GlobalSection(ProjectConfigurationPlatforms) = postSolution
		{A6A258C6-D5EE-448E-A478-49CB22DD4260}.Debug|Any CPU.ActiveCfg = Debug|Any CPU
		{A6A258C6-D5EE-448E-A478-49CB22DD4260}.Debug|Any CPU.Build.0 = Debug|Any CPU
		{A6A258C6-D5EE-448E-A478-49CB22DD4260}.Release|Any CPU.ActiveCfg = Release|Any CPU
		{A6A258C6-D5EE-448E-A478-49CB22DD4260}.Release|Any CPU.Build.0 = Release|Any CPU
	EndGlobalSection
	GlobalSection(SolutionProperties) = preSolution
		HideSolutionNode = FALSE
	EndGlobalSection
	GlobalSection(ExtensibilityGlobals) = postSolution
		SolutionGuid = {F9F8D9F4-BE25-4889-B07C-7647792BB9D8}
	EndGlobalSection
EndGlobal
